
Microsoft Visual Studio Solution File, Format Version 12.00
# Visual Studio Version 17
VisualStudioVersion = 17.8.34330.188
MinimumVisualStudioVersion = 10.0.40219.1
Project("{FAE04EC0-301F-11D3-BF4B-00C04F79EFBC}") = "Employee", "Employee\Employee.csproj", "{90D43D6E-3D4B-40D9-99BF-56D87102FC15}"
EndProject
Global
	GlobalSection(SolutionConfigurationPlatforms) = preSolution
		Debug|Any CPU = Debug|Any CPU
		Release|Any CPU = Release|Any CPU
	EndGlobalSection
	GlobalSection(ProjectConfigurationPlatforms) = postSolution
		{90D43D6E-3D4B-40D9-99BF-56D87102FC15}.Debug|Any CPU.ActiveCfg = Debug|Any CPU
		{90D43D6E-3D4B-40D9-99BF-56D87102FC15}.Debug|Any CPU.Build.0 = Debug|Any CPU
		{90D43D6E-3D4B-40D9-99BF-56D87102FC15}.Release|Any CPU.ActiveCfg = Release|Any CPU
		{90D43D6E-3D4B-40D9-99BF-56D87102FC15}.Release|Any CPU.Build.0 = Release|Any CPU
	EndGlobalSection
	GlobalSection(SolutionProperties) = preSolution
		HideSolutionNode = FALSE
	EndGlobalSection
	GlobalSection(ExtensibilityGlobals) = postSolution
		SolutionGuid = {C24C782D-EC6D-4440-8542-313694202FC3}
	EndGlobalSection
EndGlobal
